// !$*UTF8*$!
{
	archiveVersion = 1;
	classes = {
	};
	objectVersion = 46;
	objects = {

/* Begin PBXBuildFile section */
		289E68401D01F91F00539747 /* AppDelegate.swift in Sources */ = {isa = PBXBuildFile; fileRef = 289E683F1D01F91F00539747 /* AppDelegate.swift */; };
		289E68421D01F91F00539747 /* HomeViewController.swift in Sources */ = {isa = PBXBuildFile; fileRef = 289E68411D01F91F00539747 /* HomeViewController.swift */; };
		289E68451D01F91F00539747 /* Main.storyboard in Resources */ = {isa = PBXBuildFile; fileRef = 289E68431D01F91F00539747 /* Main.storyboard */; };
		289E68481D01F91F00539747 /* Edmunds_List.xcdatamodeld in Sources */ = {isa = PBXBuildFile; fileRef = 289E68461D01F91F00539747 /* Edmunds_List.xcdatamodeld */; };
		289E684A1D01F91F00539747 /* Assets.xcassets in Resources */ = {isa = PBXBuildFile; fileRef = 289E68491D01F91F00539747 /* Assets.xcassets */; };
		289E684D1D01F91F00539747 /* LaunchScreen.storyboard in Resources */ = {isa = PBXBuildFile; fileRef = 289E684B1D01F91F00539747 /* LaunchScreen.storyboard */; };
		289E68551D0203B400539747 /* RegistrationViewController.swift in Sources */ = {isa = PBXBuildFile; fileRef = 289E68541D0203B400539747 /* RegistrationViewController.swift */; };
		289E68591D0208C900539747 /* DashboardListViewController.swift in Sources */ = {isa = PBXBuildFile; fileRef = 289E68581D0208C900539747 /* DashboardListViewController.swift */; };
/* End PBXBuildFile section */

/* Begin PBXFileReference section */
		289E683C1D01F91F00539747 /* Edmunds List.app */ = {isa = PBXFileReference; explicitFileType = wrapper.application; includeInIndex = 0; path = "Edmunds List.app"; sourceTree = BUILT_PRODUCTS_DIR; };
		289E683F1D01F91F00539747 /* AppDelegate.swift */ = {isa = PBXFileReference; lastKnownFileType = sourcecode.swift; path = AppDelegate.swift; sourceTree = "<group>"; };
		289E68411D01F91F00539747 /* HomeViewController.swift */ = {isa = PBXFileReference; lastKnownFileType = sourcecode.swift; path = HomeViewController.swift; sourceTree = "<group>"; };
		289E68441D01F91F00539747 /* Base */ = {isa = PBXFileReference; lastKnownFileType = file.storyboard; name = Base; path = Base.lproj/Main.storyboard; sourceTree = "<group>"; };
		289E68471D01F91F00539747 /* Edmunds_List.xcdatamodel */ = {isa = PBXFileReference; lastKnownFileType = wrapper.xcdatamodel; path = Edmunds_List.xcdatamodel; sourceTree = "<group>"; };
		289E68491D01F91F00539747 /* Assets.xcassets */ = {isa = PBXFileReference; lastKnownFileType = folder.assetcatalog; path = Assets.xcassets; sourceTree = "<group>"; };
		289E684C1D01F91F00539747 /* Base */ = {isa = PBXFileReference; lastKnownFileType = file.storyboard; name = Base; path = Base.lproj/LaunchScreen.storyboard; sourceTree = "<group>"; };
		289E684E1D01F91F00539747 /* Info.plist */ = {isa = PBXFileReference; lastKnownFileType = text.plist.xml; path = Info.plist; sourceTree = "<group>"; };
		289E68541D0203B400539747 /* RegistrationViewController.swift */ = {isa = PBXFileReference; fileEncoding = 4; lastKnownFileType = sourcecode.swift; path = RegistrationViewController.swift; sourceTree = "<group>"; };
		289E68581D0208C900539747 /* DashboardListViewController.swift */ = {isa = PBXFileReference; fileEncoding = 4; lastKnownFileType = sourcecode.swift; path = DashboardListViewController.swift; sourceTree = "<group>"; };
/* End PBXFileReference section */

/* Begin PBXFrameworksBuildPhase section */
		289E68391D01F91F00539747 /* Frameworks */ = {
			isa = PBXFrameworksBuildPhase;
			buildActionMask = 2147483647;
			files = (
			);
			runOnlyForDeploymentPostprocessing = 0;
		};
/* End PBXFrameworksBuildPhase section */

/* Begin PBXGroup section */
		289E68331D01F91F00539747 = {
			isa = PBXGroup;
			children = (
				289E683E1D01F91F00539747 /* Edmunds List */,
				289E683D1D01F91F00539747 /* Products */,
			);
			sourceTree = "<group>";
		};
		289E683D1D01F91F00539747 /* Products */ = {
			isa = PBXGroup;
			children = (
				289E683C1D01F91F00539747 /* Edmunds List.app */,
			);
			name = Products;
			sourceTree = "<group>";
		};
		289E683E1D01F91F00539747 /* Edmunds List */ = {
			isa = PBXGroup;
			children = (
				289E683F1D01F91F00539747 /* AppDelegate.swift */,
				289E68431D01F91F00539747 /* Main.storyboard */,
				289E68571D02064B00539747 /* ViewControllers */,
				289E68491D01F91F00539747 /* Assets.xcassets */,
				289E684B1D01F91F00539747 /* LaunchScreen.storyboard */,
				289E684E1D01F91F00539747 /* Info.plist */,
				289E68461D01F91F00539747 /* Edmunds_List.xcdatamodeld */,
			);
			path = "Edmunds List";
			sourceTree = "<group>";
		};
		289E68571D02064B00539747 /* ViewControllers */ = {
			isa = PBXGroup;
			children = (
				289E68411D01F91F00539747 /* HomeViewController.swift */,
				289E68541D0203B400539747 /* RegistrationViewController.swift */,
				289E68581D0208C900539747 /* DashboardListViewController.swift */,
			);
			name = ViewControllers;
			sourceTree = "<group>";
		};
/* End PBXGroup section */

/* Begin PBXNativeTarget section */
		289E683B1D01F91F00539747 /* Edmunds List */ = {
			isa = PBXNativeTarget;
			buildConfigurationList = 289E68511D01F91F00539747 /* Build configuration list for PBXNativeTarget "Edmunds List" */;
			buildPhases = (
				289E68381D01F91F00539747 /* Sources */,
				289E68391D01F91F00539747 /* Frameworks */,
				289E683A1D01F91F00539747 /* Resources */,
			);
			buildRules = (
			);
			dependencies = (
			);
			name = "Edmunds List";
			productName = "Edmunds List";
			productReference = 289E683C1D01F91F00539747 /* Edmunds List.app */;
			productType = "com.apple.product-type.application";
		};
/* End PBXNativeTarget section */

/* Begin PBXProject section */
		289E68341D01F91F00539747 /* Project object */ = {
			isa = PBXProject;
			attributes = {
				LastSwiftUpdateCheck = 0730;
				LastUpgradeCheck = 0730;
				ORGANIZATIONNAME = "Kamal Dandamudi";
				TargetAttributes = {
					289E683B1D01F91F00539747 = {
						CreatedOnToolsVersion = 7.3.1;
						DevelopmentTeam = Q4YRU7M96C;
					};
				};
			};
			buildConfigurationList = 289E68371D01F91F00539747 /* Build configuration list for PBXProject "Edmunds List" */;
			compatibilityVersion = "Xcode 3.2";
			developmentRegion = English;
			hasScannedForEncodings = 0;
			knownRegions = (
				en,
				Base,
			);
			mainGroup = 289E68331D01F91F00539747;
			productRefGroup = 289E683D1D01F91F00539747 /* Products */;
			projectDirPath = "";
			projectRoot = "";
			targets = (
				289E683B1D01F91F00539747 /* Edmunds List */,
			);
		};
/* End PBXProject section */

/* Begin PBXResourcesBuildPhase section */
		289E683A1D01F91F00539747 /* Resources */ = {
			isa = PBXResourcesBuildPhase;
			buildActionMask = 2147483647;
			files = (
				289E684D1D01F91F00539747 /* LaunchScreen.storyboard in Resources */,
				289E684A1D01F91F00539747 /* Assets.xcassets in Resources */,
				289E68451D01F91F00539747 /* Main.storyboard in Resources */,
			);
			runOnlyForDeploymentPostprocessing = 0;
		};
/* End PBXResourcesBuildPhase section */

/* Begin PBXSourcesBuildPhase section */
		289E68381D01F91F00539747 /* Sources */ = {
			isa = PBXSourcesBuildPhase;
			buildActionMask = 2147483647;
			files = (
				289E68591D0208C900539747 /* DashboardListViewController.swift in Sources */,
				289E68481D01F91F00539747 /* Edmunds_List.xcdatamodeld in Sources */,
				289E68421D01F91F00539747 /* HomeViewController.swift in Sources */,
				289E68551D0203B400539747 /* RegistrationViewController.swift in Sources */,
				289E68401D01F91F00539747 /* AppDelegate.swift in Sources */,
			);
			runOnlyForDeploymentPostprocessing = 0;
		};
/* End PBXSourcesBuildPhase section */

/* Begin PBXVariantGroup section */
		289E68431D01F91F00539747 /* Main.storyboard */ = {
			isa = PBXVariantGroup;
			children = (
				289E68441D01F91F00539747 /* Base */,
			);
			name = Main.storyboard;
			sourceTree = "<group>";
		};
		289E684B1D01F91F00539747 /* LaunchScreen.storyboard */ = {
			isa = PBXVariantGroup;
			children = (
				289E684C1D01F91F00539747 /* Base */,
			);
			name = LaunchScreen.storyboard;
			sourceTree = "<group>";
		};
/* End PBXVariantGroup section */

/* Begin XCBuildConfiguration section */
		289E684F1D01F91F00539747 /* Debug */ = {
			isa = XCBuildConfiguration;
			buildSettings = {
				ALWAYS_SEARCH_USER_PATHS = NO;
				CLANG_ANALYZER_NONNULL = YES;
				CLANG_CXX_LANGUAGE_STANDARD = "gnu++0x";
				CLANG_CXX_LIBRARY = "libc++";
				CLANG_ENABLE_MODULES = YES;
				CLANG_ENABLE_OBJC_ARC = YES;
				CLANG_WARN_BOOL_CONVERSION = YES;
				CLANG_WARN_CONSTANT_CONVERSION = YES;
				CLANG_WARN_DIRECT_OBJC_ISA_USAGE = YES_ERROR;
				CLANG_WARN_EMPTY_BODY = YES;
				CLANG_WARN_ENUM_CONVERSION = YES;
				CLANG_WARN_INT_CONVERSION = YES;
				CLANG_WARN_OBJC_ROOT_CLASS = YES_ERROR;
				CLANG_WARN_UNREACHABLE_CODE = YES;
				CLANG_WARN__DUPLICATE_METHOD_MATCH = YES;
				"CODE_SIGN_IDENTITY[sdk=iphoneos*]" = "iPhone Developer";
				COPY_PHASE_STRIP = NO;
				DEBUG_INFORMATION_FORMAT = dwarf;
				ENABLE_STRICT_OBJC_MSGSEND = YES;
				ENABLE_TESTABILITY = YES;
				GCC_C_LANGUAGE_STANDARD = gnu99;
				GCC_DYNAMIC_NO_PIC = NO;
				GCC_NO_COMMON_BLOCKS = YES;
				GCC_OPTIMIZATION_LEVEL = 0;
				GCC_PREPROCESSOR_DEFINITIONS = (
					"DEBUG=1",
					"$(inherited)",
				);
				GCC_WARN_64_TO_32_BIT_CONVERSION = YES;
				GCC_WARN_ABOUT_RETURN_TYPE = YES_ERROR;
				GCC_WARN_UNDECLARED_SELECTOR = YES;
				GCC_WARN_UNINITIALIZED_AUTOS = YES_AGGRESSIVE;
				GCC_WARN_UNUSED_FUNCTION = YES;
				GCC_WARN_UNUSED_VARIABLE = YES;
				IPHONEOS_DEPLOYMENT_TARGET = 9.3;
				MTL_ENABLE_DEBUG_INFO = YES;
				ONLY_ACTIVE_ARCH = YES;
				SDKROOT = iphoneos;
				SWIFT_OPTIMIZATION_LEVEL = "-Onone";
			};
			name = Debug;
		};
		289E68501D01F91F00539747 /* Release */ = {
			isa = XCBuildConfiguration;
			buildSettings = {
				ALWAYS_SEARCH_USER_PATHS = NO;
				CLANG_ANALYZER_NONNULL = YES;
				CLANG_CXX_LANGUAGE_STANDARD = "gnu++0x";
				CLANG_CXX_LIBRARY = "libc++";
				CLANG_ENABLE_MODULES = YES;
				CLANG_ENABLE_OBJC_ARC = YES;
				CLANG_WARN_BOOL_CONVERSION = YES;
				CLANG_WARN_CONSTANT_CONVERSION = YES;
				CLANG_WARN_DIRECT_OBJC_ISA_USAGE = YES_ERROR;
				CLANG_WARN_EMPTY_BODY = YES;
				CLANG_WARN_ENUM_CONVERSION = YES;
				CLANG_WARN_INT_CONVERSION = YES;
				CLANG_WARN_OBJC_ROOT_CLASS = YES_ERROR;
				CLANG_WARN_UNREACHABLE_CODE = YES;
				CLANG_WARN__DUPLICATE_METHOD_MATCH = YES;
				"CODE_SIGN_IDENTITY[sdk=iphoneos*]" = "iPhone Developer";
				COPY_PHASE_STRIP = NO;
				DEBUG_INFORMATION_FORMAT = "dwarf-with-dsym";
				ENABLE_NS_ASSERTIONS = NO;
				ENABLE_STRICT_OBJC_MSGSEND = YES;
				GCC_C_LANGUAGE_STANDARD = gnu99;
				GCC_NO_COMMON_BLOCKS = YES;
				GCC_WARN_64_TO_32_BIT_CONVERSION = YES;
				GCC_WARN_ABOUT_RETURN_TYPE = YES_ERROR;
				GCC_WARN_UNDECLARED_SELECTOR = YES;
				GCC_WARN_UNINITIALIZED_AUTOS = YES_AGGRESSIVE;
				GCC_WARN_UNUSED_FUNCTION = YES;
				GCC_WARN_UNUSED_VARIABLE = YES;
				IPHONEOS_DEPLOYMENT_TARGET = 9.3;
				MTL_ENABLE_DEBUG_INFO = NO;
				SDKROOT = iphoneos;
				VALIDATE_PRODUCT = YES;
			};
			name = Release;
		};
		289E68521D01F91F00539747 /* Debug */ = {
			isa = XCBuildConfiguration;
			buildSettings = {
				ASSETCATALOG_COMPILER_APPICON_NAME = AppIcon;
				CODE_SIGN_IDENTITY = "iPhone Developer";
				INFOPLIST_FILE = "Edmunds List/Info.plist";
				LD_RUNPATH_SEARCH_PATHS = "$(inherited) @executable_path/Frameworks";
				PRODUCT_BUNDLE_IDENTIFIER = "com.kamaldandamudi.edmundslist.Edmunds-List";
				PRODUCT_NAME = "$(TARGET_NAME)";
			};
			name = Debug;
		};
		289E68531D01F91F00539747 /* Release */ = {
			isa = XCBuildConfiguration;
			buildSettings = {
				ASSETCATALOG_COMPILER_APPICON_NAME = AppIcon;
				CODE_SIGN_IDENTITY = "iPhone Developer";
				INFOPLIST_FILE = "Edmunds List/Info.plist";
				LD_RUNPATH_SEARCH_PATHS = "$(inherited) @executable_path/Frameworks";
				PRODUCT_BUNDLE_IDENTIFIER = "com.kamaldandamudi.edmundslist.Edmunds-List";
				PRODUCT_NAME = "$(TARGET_NAME)";
			};
			name = Release;
		};
/* End XCBuildConfiguration section */

/* Begin XCConfigurationList section */
		289E68371D01F91F00539747 /* Build configuration list for PBXProject "Edmunds List" */ = {
			isa = XCConfigurationList;
			buildConfigurations = (
				289E684F1D01F91F00539747 /* Debug */,
				289E68501D01F91F00539747 /* Release */,
			);
			defaultConfigurationIsVisible = 0;
			defaultConfigurationName = Release;
		};
		289E68511D01F91F00539747 /* Build configuration list for PBXNativeTarget "Edmunds List" */ = {
			isa = XCConfigurationList;
			buildConfigurations = (
				289E68521D01F91F00539747 /* Debug */,
				289E68531D01F91F00539747 /* Release */,
			);
			defaultConfigurationIsVisible = 0;
		};
/* End XCConfigurationList section */

/* Begin XCVersionGroup section */
		289E68461D01F91F00539747 /* Edmunds_List.xcdatamodeld */ = {
			isa = XCVersionGroup;
			children = (
				289E68471D01F91F00539747 /* Edmunds_List.xcdatamodel */,
			);
			currentVersion = 289E68471D01F91F00539747 /* Edmunds_List.xcdatamodel */;
			path = Edmunds_List.xcdatamodeld;
			sourceTree = "<group>";
			versionGroupType = wrapper.xcdatamodel;
		};
/* End XCVersionGroup section */
	};
	rootObject = 289E68341D01F91F00539747 /* Project object */;
}
